
Microsoft Visual Studio Solution File, Format Version 12.00
Project("{FAE04EC0-301F-11D3-BF4B-00C04F79EFBC}") = "next_dotnet", "next_dotnet.csproj", "{BCE77081-0F5E-45C5-A41C-C2DABD3A794B}"
EndProject
Global
	GlobalSection(SolutionConfigurationPlatforms) = preSolution
		Debug|Any CPU = Debug|Any CPU
		Release|Any CPU = Release|Any CPU
	EndGlobalSection
	GlobalSection(ProjectConfigurationPlatforms) = postSolution
		{BCE77081-0F5E-45C5-A41C-C2DABD3A794B}.Debug|Any CPU.ActiveCfg = Debug|Any CPU
		{BCE77081-0F5E-45C5-A41C-C2DABD3A794B}.Debug|Any CPU.Build.0 = Debug|Any CPU
		{BCE77081-0F5E-45C5-A41C-C2DABD3A794B}.Release|Any CPU.ActiveCfg = Release|Any CPU
		{BCE77081-0F5E-45C5-A41C-C2DABD3A794B}.Release|Any CPU.Build.0 = Release|Any CPU
	EndGlobalSection
EndGlobal
